// !$*UTF8*$!
{
	archiveVersion = 1;
	classes = {
	};
	objectVersion = 50;
	objects = {

/* Begin PBXBuildFile section */
		E1102FF5261C65BC009897D1 /* helloiosApp.swift in Sources */ = {isa = PBXBuildFile; fileRef = E1102FF4261C65BC009897D1 /* helloiosApp.swift */; };
		E1102FF7261C65BC009897D1 /* ContentView.swift in Sources */ = {isa = PBXBuildFile; fileRef = E1102FF6261C65BC009897D1 /* ContentView.swift */; };
		E1102FF9261C65BD009897D1 /* Assets.xcassets in Resources */ = {isa = PBXBuildFile; fileRef = E1102FF8261C65BD009897D1 /* Assets.xcassets */; };
		E1102FFC261C65BD009897D1 /* Preview Assets.xcassets in Resources */ = {isa = PBXBuildFile; fileRef = E1102FFB261C65BD009897D1 /* Preview Assets.xcassets */; };
		E1103007261C65BD009897D1 /* helloiosTests.swift in Sources */ = {isa = PBXBuildFile; fileRef = E1103006261C65BD009897D1 /* helloiosTests.swift */; };
		E1103012261C65BD009897D1 /* helloiosUITests.swift in Sources */ = {isa = PBXBuildFile; fileRef = E1103011261C65BD009897D1 /* helloiosUITests.swift */; };
/* End PBXBuildFile section */

/* Begin PBXContainerItemProxy section */
		E1103003261C65BD009897D1 /* PBXContainerItemProxy */ = {
			isa = PBXContainerItemProxy;
			containerPortal = E1102FE9261C65BB009897D1 /* Project object */;
			proxyType = 1;
			remoteGlobalIDString = E1102FF0261C65BC009897D1;
			remoteInfo = helloios;
		};
		E110300E261C65BD009897D1 /* PBXContainerItemProxy */ = {
			isa = PBXContainerItemProxy;
			containerPortal = E1102FE9261C65BB009897D1 /* Project object */;
			proxyType = 1;
			remoteGlobalIDString = E1102FF0261C65BC009897D1;
			remoteInfo = helloios;
		};
/* End PBXContainerItemProxy section */

/* Begin PBXFileReference section */
		E1102FF1261C65BC009897D1 /* helloios.app */ = {isa = PBXFileReference; explicitFileType = wrapper.application; includeInIndex = 0; path = helloios.app; sourceTree = BUILT_PRODUCTS_DIR; };
		E1102FF4261C65BC009897D1 /* helloiosApp.swift */ = {isa = PBXFileReference; lastKnownFileType = sourcecode.swift; path = helloiosApp.swift; sourceTree = "<group>"; };
		E1102FF6261C65BC009897D1 /* ContentView.swift */ = {isa = PBXFileReference; lastKnownFileType = sourcecode.swift; path = ContentView.swift; sourceTree = "<group>"; };
		E1102FF8261C65BD009897D1 /* Assets.xcassets */ = {isa = PBXFileReference; lastKnownFileType = folder.assetcatalog; path = Assets.xcassets; sourceTree = "<group>"; };
		E1102FFB261C65BD009897D1 /* Preview Assets.xcassets */ = {isa = PBXFileReference; lastKnownFileType = folder.assetcatalog; path = "Preview Assets.xcassets"; sourceTree = "<group>"; };
		E1102FFD261C65BD009897D1 /* Info.plist */ = {isa = PBXFileReference; lastKnownFileType = text.plist.xml; path = Info.plist; sourceTree = "<group>"; };
		E1103002261C65BD009897D1 /* helloiosTests.xctest */ = {isa = PBXFileReference; explicitFileType = wrapper.cfbundle; includeInIndex = 0; path = helloiosTests.xctest; sourceTree = BUILT_PRODUCTS_DIR; };
		E1103006261C65BD009897D1 /* helloiosTests.swift */ = {isa = PBXFileReference; lastKnownFileType = sourcecode.swift; path = helloiosTests.swift; sourceTree = "<group>"; };
		E1103008261C65BD009897D1 /* Info.plist */ = {isa = PBXFileReference; lastKnownFileType = text.plist.xml; path = Info.plist; sourceTree = "<group>"; };
		E110300D261C65BD009897D1 /* helloiosUITests.xctest */ = {isa = PBXFileReference; explicitFileType = wrapper.cfbundle; includeInIndex = 0; path = helloiosUITests.xctest; sourceTree = BUILT_PRODUCTS_DIR; };
		E1103011261C65BD009897D1 /* helloiosUITests.swift */ = {isa = PBXFileReference; lastKnownFileType = sourcecode.swift; path = helloiosUITests.swift; sourceTree = "<group>"; };
		E1103013261C65BD009897D1 /* Info.plist */ = {isa = PBXFileReference; lastKnownFileType = text.plist.xml; path = Info.plist; sourceTree = "<group>"; };
/* End PBXFileReference section */

/* Begin PBXFrameworksBuildPhase section */
		E1102FEE261C65BC009897D1 /* Frameworks */ = {
			isa = PBXFrameworksBuildPhase;
			buildActionMask = 2147483647;
			files = (
			);
			runOnlyForDeploymentPostprocessing = 0;
		};
		E1102FFF261C65BD009897D1 /* Frameworks */ = {
			isa = PBXFrameworksBuildPhase;
			buildActionMask = 2147483647;
			files = (
			);
			runOnlyForDeploymentPostprocessing = 0;
		};
		E110300A261C65BD009897D1 /* Frameworks */ = {
			isa = PBXFrameworksBuildPhase;
			buildActionMask = 2147483647;
			files = (
			);
			runOnlyForDeploymentPostprocessing = 0;
		};
/* End PBXFrameworksBuildPhase section */

/* Begin PBXGroup section */
		E1102FE8261C65BB009897D1 = {
			isa = PBXGroup;
			children = (
				E1102FF3261C65BC009897D1 /* helloios */,
				E1103005261C65BD009897D1 /* helloiosTests */,
				E1103010261C65BD009897D1 /* helloiosUITests */,
				E1102FF2261C65BC009897D1 /* Products */,
			);
			sourceTree = "<group>";
		};
		E1102FF2261C65BC009897D1 /* Products */ = {
			isa = PBXGroup;
			children = (
				E1102FF1261C65BC009897D1 /* helloios.app */,
				E1103002261C65BD009897D1 /* helloiosTests.xctest */,
				E110300D261C65BD009897D1 /* helloiosUITests.xctest */,
			);
			name = Products;
			sourceTree = "<group>";
		};
		E1102FF3261C65BC009897D1 /* helloios */ = {
			isa = PBXGroup;
			children = (
				E1102FF4261C65BC009897D1 /* helloiosApp.swift */,
				E1102FF6261C65BC009897D1 /* ContentView.swift */,
				E1102FF8261C65BD009897D1 /* Assets.xcassets */,
				E1102FFD261C65BD009897D1 /* Info.plist */,
				E1102FFA261C65BD009897D1 /* Preview Content */,
			);
			path = helloios;
			sourceTree = "<group>";
		};
		E1102FFA261C65BD009897D1 /* Preview Content */ = {
			isa = PBXGroup;
			children = (
				E1102FFB261C65BD009897D1 /* Preview Assets.xcassets */,
			);
			path = "Preview Content";
			sourceTree = "<group>";
		};
		E1103005261C65BD009897D1 /* helloiosTests */ = {
			isa = PBXGroup;
			children = (
				E1103006261C65BD009897D1 /* helloiosTests.swift */,
				E1103008261C65BD009897D1 /* Info.plist */,
			);
			path = helloiosTests;
			sourceTree = "<group>";
		};
		E1103010261C65BD009897D1 /* helloiosUITests */ = {
			isa = PBXGroup;
			children = (
				E1103011261C65BD009897D1 /* helloiosUITests.swift */,
				E1103013261C65BD009897D1 /* Info.plist */,
			);
			path = helloiosUITests;
			sourceTree = "<group>";
		};
/* End PBXGroup section */

/* Begin PBXNativeTarget section */
		E1102FF0261C65BC009897D1 /* helloios */ = {
			isa = PBXNativeTarget;
			buildConfigurationList = E1103016261C65BD009897D1 /* Build configuration list for PBXNativeTarget "helloios" */;
			buildPhases = (
				E1102FED261C65BC009897D1 /* Sources */,
				E1102FEE261C65BC009897D1 /* Frameworks */,
				E1102FEF261C65BC009897D1 /* Resources */,
			);
			buildRules = (
			);
			dependencies = (
			);
			name = helloios;
			productName = helloios;
			productReference = E1102FF1261C65BC009897D1 /* helloios.app */;
			productType = "com.apple.product-type.application";
		};
		E1103001261C65BD009897D1 /* helloiosTests */ = {
			isa = PBXNativeTarget;
			buildConfigurationList = E1103019261C65BD009897D1 /* Build configuration list for PBXNativeTarget "helloiosTests" */;
			buildPhases = (
				E1102FFE261C65BD009897D1 /* Sources */,
				E1102FFF261C65BD009897D1 /* Frameworks */,
				E1103000261C65BD009897D1 /* Resources */,
			);
			buildRules = (
			);
			dependencies = (
				E1103004261C65BD009897D1 /* PBXTargetDependency */,
			);
			name = helloiosTests;
			productName = helloiosTests;
			productReference = E1103002261C65BD009897D1 /* helloiosTests.xctest */;
			productType = "com.apple.product-type.bundle.unit-test";
		};
		E110300C261C65BD009897D1 /* helloiosUITests */ = {
			isa = PBXNativeTarget;
			buildConfigurationList = E110301C261C65BD009897D1 /* Build configuration list for PBXNativeTarget "helloiosUITests" */;
			buildPhases = (
				E1103009261C65BD009897D1 /* Sources */,
				E110300A261C65BD009897D1 /* Frameworks */,
				E110300B261C65BD009897D1 /* Resources */,
			);
			buildRules = (
			);
			dependencies = (
				E110300F261C65BD009897D1 /* PBXTargetDependency */,
			);
			name = helloiosUITests;
			productName = helloiosUITests;
			productReference = E110300D261C65BD009897D1 /* helloiosUITests.xctest */;
			productType = "com.apple.product-type.bundle.ui-testing";
		};
/* End PBXNativeTarget section */

/* Begin PBXProject section */
		E1102FE9261C65BB009897D1 /* Project object */ = {
			isa = PBXProject;
			attributes = {
				LastSwiftUpdateCheck = 1250;
				LastUpgradeCheck = 1250;
				TargetAttributes = {
					E1102FF0261C65BC009897D1 = {
						CreatedOnToolsVersion = 12.5;
					};
					E1103001261C65BD009897D1 = {
						CreatedOnToolsVersion = 12.5;
						TestTargetID = E1102FF0261C65BC009897D1;
					};
					E110300C261C65BD009897D1 = {
						CreatedOnToolsVersion = 12.5;
						TestTargetID = E1102FF0261C65BC009897D1;
					};
				};
			};
			buildConfigurationList = E1102FEC261C65BC009897D1 /* Build configuration list for PBXProject "helloios" */;
			compatibilityVersion = "Xcode 9.3";
			developmentRegion = en;
			hasScannedForEncodings = 0;
			knownRegions = (
				en,
				Base,
			);
			mainGroup = E1102FE8261C65BB009897D1;
			productRefGroup = E1102FF2261C65BC009897D1 /* Products */;
			projectDirPath = "";
			projectRoot = "";
			targets = (
				E1102FF0261C65BC009897D1 /* helloios */,
				E1103001261C65BD009897D1 /* helloiosTests */,
				E110300C261C65BD009897D1 /* helloiosUITests */,
			);
		};
/* End PBXProject section */

/* Begin PBXResourcesBuildPhase section */
		E1102FEF261C65BC009897D1 /* Resources */ = {
			isa = PBXResourcesBuildPhase;
			buildActionMask = 2147483647;
			files = (
				E1102FFC261C65BD009897D1 /* Preview Assets.xcassets in Resources */,
				E1102FF9261C65BD009897D1 /* Assets.xcassets in Resources */,
			);
			runOnlyForDeploymentPostprocessing = 0;
		};
		E1103000261C65BD009897D1 /* Resources */ = {
			isa = PBXResourcesBuildPhase;
			buildActionMask = 2147483647;
			files = (
			);
			runOnlyForDeploymentPostprocessing = 0;
		};
		E110300B261C65BD009897D1 /* Resources */ = {
			isa = PBXResourcesBuildPhase;
			buildActionMask = 2147483647;
			files = (
			);
			runOnlyForDeploymentPostprocessing = 0;
		};
/* End PBXResourcesBuildPhase section */

/* Begin PBXSourcesBuildPhase section */
		E1102FED261C65BC009897D1 /* Sources */ = {
			isa = PBXSourcesBuildPhase;
			buildActionMask = 2147483647;
			files = (
				E1102FF7261C65BC009897D1 /* ContentView.swift in Sources */,
				E1102FF5261C65BC009897D1 /* helloiosApp.swift in Sources */,
			);
			runOnlyForDeploymentPostprocessing = 0;
		};
		E1102FFE261C65BD009897D1 /* Sources */ = {
			isa = PBXSourcesBuildPhase;
			buildActionMask = 2147483647;
			files = (
				E1103007261C65BD009897D1 /* helloiosTests.swift in Sources */,
			);
			runOnlyForDeploymentPostprocessing = 0;
		};
		E1103009261C65BD009897D1 /* Sources */ = {
			isa = PBXSourcesBuildPhase;
			buildActionMask = 2147483647;
			files = (
				E1103012261C65BD009897D1 /* helloiosUITests.swift in Sources */,
			);
			runOnlyForDeploymentPostprocessing = 0;
		};
/* End PBXSourcesBuildPhase section */

/* Begin PBXTargetDependency section */
		E1103004261C65BD009897D1 /* PBXTargetDependency */ = {
			isa = PBXTargetDependency;
			target = E1102FF0261C65BC009897D1 /* helloios */;
			targetProxy = E1103003261C65BD009897D1 /* PBXContainerItemProxy */;
		};
		E110300F261C65BD009897D1 /* PBXTargetDependency */ = {
			isa = PBXTargetDependency;
			target = E1102FF0261C65BC009897D1 /* helloios */;
			targetProxy = E110300E261C65BD009897D1 /* PBXContainerItemProxy */;
		};
/* End PBXTargetDependency section */

/* Begin XCBuildConfiguration section */
		E1103014261C65BD009897D1 /* Debug */ = {
			isa = XCBuildConfiguration;
			buildSettings = {
				ALWAYS_SEARCH_USER_PATHS = NO;
				CLANG_ANALYZER_NONNULL = YES;
				CLANG_ANALYZER_NUMBER_OBJECT_CONVERSION = YES_AGGRESSIVE;
				CLANG_CXX_LANGUAGE_STANDARD = "gnu++14";
				CLANG_CXX_LIBRARY = "libc++";
				CLANG_ENABLE_MODULES = YES;
				CLANG_ENABLE_OBJC_ARC = YES;
				CLANG_ENABLE_OBJC_WEAK = YES;
				CLANG_WARN_BLOCK_CAPTURE_AUTORELEASING = YES;
				CLANG_WARN_BOOL_CONVERSION = YES;
				CLANG_WARN_COMMA = YES;
				CLANG_WARN_CONSTANT_CONVERSION = YES;
				CLANG_WARN_DEPRECATED_OBJC_IMPLEMENTATIONS = YES;
				CLANG_WARN_DIRECT_OBJC_ISA_USAGE = YES_ERROR;
				CLANG_WARN_DOCUMENTATION_COMMENTS = YES;
				CLANG_WARN_EMPTY_BODY = YES;
				CLANG_WARN_ENUM_CONVERSION = YES;
				CLANG_WARN_INFINITE_RECURSION = YES;
				CLANG_WARN_INT_CONVERSION = YES;
				CLANG_WARN_NON_LITERAL_NULL_CONVERSION = YES;
				CLANG_WARN_OBJC_IMPLICIT_RETAIN_SELF = YES;
				CLANG_WARN_OBJC_LITERAL_CONVERSION = YES;
				CLANG_WARN_OBJC_ROOT_CLASS = YES_ERROR;
				CLANG_WARN_QUOTED_INCLUDE_IN_FRAMEWORK_HEADER = YES;
				CLANG_WARN_RANGE_LOOP_ANALYSIS = YES;
				CLANG_WARN_STRICT_PROTOTYPES = YES;
				CLANG_WARN_SUSPICIOUS_MOVE = YES;
				CLANG_WARN_UNGUARDED_AVAILABILITY = YES_AGGRESSIVE;
				CLANG_WARN_UNREACHABLE_CODE = YES;
				CLANG_WARN__DUPLICATE_METHOD_MATCH = YES;
				COPY_PHASE_STRIP = NO;
				DEBUG_INFORMATION_FORMAT = dwarf;
				ENABLE_STRICT_OBJC_MSGSEND = YES;
				ENABLE_TESTABILITY = YES;
				GCC_C_LANGUAGE_STANDARD = gnu11;
				GCC_DYNAMIC_NO_PIC = NO;
				GCC_NO_COMMON_BLOCKS = YES;
				GCC_OPTIMIZATION_LEVEL = 0;
				GCC_PREPROCESSOR_DEFINITIONS = (
					"DEBUG=1",
					"$(inherited)",
				);
				GCC_WARN_64_TO_32_BIT_CONVERSION = YES;
				GCC_WARN_ABOUT_RETURN_TYPE = YES_ERROR;
				GCC_WARN_UNDECLARED_SELECTOR = YES;
				GCC_WARN_UNINITIALIZED_AUTOS = YES_AGGRESSIVE;
				GCC_WARN_UNUSED_FUNCTION = YES;
				GCC_WARN_UNUSED_VARIABLE = YES;
				IPHONEOS_DEPLOYMENT_TARGET = 14.5;
				MTL_ENABLE_DEBUG_INFO = INCLUDE_SOURCE;
				MTL_FAST_MATH = YES;
				ONLY_ACTIVE_ARCH = YES;
				SDKROOT = iphoneos;
				SWIFT_ACTIVE_COMPILATION_CONDITIONS = DEBUG;
				SWIFT_OPTIMIZATION_LEVEL = "-Onone";
			};
			name = Debug;
		};
		E1103015261C65BD009897D1 /* Release */ = {
			isa = XCBuildConfiguration;
			buildSettings = {
				ALWAYS_SEARCH_USER_PATHS = NO;
				CLANG_ANALYZER_NONNULL = YES;
				CLANG_ANALYZER_NUMBER_OBJECT_CONVERSION = YES_AGGRESSIVE;
				CLANG_CXX_LANGUAGE_STANDARD = "gnu++14";
				CLANG_CXX_LIBRARY = "libc++";
				CLANG_ENABLE_MODULES = YES;
				CLANG_ENABLE_OBJC_ARC = YES;
				CLANG_ENABLE_OBJC_WEAK = YES;
				CLANG_WARN_BLOCK_CAPTURE_AUTORELEASING = YES;
				CLANG_WARN_BOOL_CONVERSION = YES;
				CLANG_WARN_COMMA = YES;
				CLANG_WARN_CONSTANT_CONVERSION = YES;
				CLANG_WARN_DEPRECATED_OBJC_IMPLEMENTATIONS = YES;
				CLANG_WARN_DIRECT_OBJC_ISA_USAGE = YES_ERROR;
				CLANG_WARN_DOCUMENTATION_COMMENTS = YES;
				CLANG_WARN_EMPTY_BODY = YES;
				CLANG_WARN_ENUM_CONVERSION = YES;
				CLANG_WARN_INFINITE_RECURSION = YES;
				CLANG_WARN_INT_CONVERSION = YES;
				CLANG_WARN_NON_LITERAL_NULL_CONVERSION = YES;
				CLANG_WARN_OBJC_IMPLICIT_RETAIN_SELF = YES;
				CLANG_WARN_OBJC_LITERAL_CONVERSION = YES;
				CLANG_WARN_OBJC_ROOT_CLASS = YES_ERROR;
				CLANG_WARN_QUOTED_INCLUDE_IN_FRAMEWORK_HEADER = YES;
				CLANG_WARN_RANGE_LOOP_ANALYSIS = YES;
				CLANG_WARN_STRICT_PROTOTYPES = YES;
				CLANG_WARN_SUSPICIOUS_MOVE = YES;
				CLANG_WARN_UNGUARDED_AVAILABILITY = YES_AGGRESSIVE;
				CLANG_WARN_UNREACHABLE_CODE = YES;
				CLANG_WARN__DUPLICATE_METHOD_MATCH = YES;
				COPY_PHASE_STRIP = NO;
				DEBUG_INFORMATION_FORMAT = "dwarf-with-dsym";
				ENABLE_NS_ASSERTIONS = NO;
				ENABLE_STRICT_OBJC_MSGSEND = YES;
				GCC_C_LANGUAGE_STANDARD = gnu11;
				GCC_NO_COMMON_BLOCKS = YES;
				GCC_WARN_64_TO_32_BIT_CONVERSION = YES;
				GCC_WARN_ABOUT_RETURN_TYPE = YES_ERROR;
				GCC_WARN_UNDECLARED_SELECTOR = YES;
				GCC_WARN_UNINITIALIZED_AUTOS = YES_AGGRESSIVE;
				GCC_WARN_UNUSED_FUNCTION = YES;
				GCC_WARN_UNUSED_VARIABLE = YES;
				IPHONEOS_DEPLOYMENT_TARGET = 14.5;
				MTL_ENABLE_DEBUG_INFO = NO;
				MTL_FAST_MATH = YES;
				SDKROOT = iphoneos;
				SWIFT_COMPILATION_MODE = wholemodule;
				SWIFT_OPTIMIZATION_LEVEL = "-O";
				VALIDATE_PRODUCT = YES;
			};
			name = Release;
		};
		E1103017261C65BD009897D1 /* Debug */ = {
			isa = XCBuildConfiguration;
			buildSettings = {
				ASSETCATALOG_COMPILER_APPICON_NAME = AppIcon;
				ASSETCATALOG_COMPILER_GLOBAL_ACCENT_COLOR_NAME = AccentColor;
				CODE_SIGN_STYLE = Automatic;
				DEVELOPMENT_ASSET_PATHS = "\"helloios/Preview Content\"";
				DEVELOPMENT_TEAM = 565Q7TJU37;
				ENABLE_PREVIEWS = YES;
				INFOPLIST_FILE = helloios/Info.plist;
				IPHONEOS_DEPLOYMENT_TARGET = 14.0;
				LD_RUNPATH_SEARCH_PATHS = (
					"$(inherited)",
					"@executable_path/Frameworks",
				);
				PRODUCT_BUNDLE_IDENTIFIER = INFO499.helloios;
				PRODUCT_NAME = "$(TARGET_NAME)";
				SWIFT_VERSION = 5.0;
				TARGETED_DEVICE_FAMILY = "1,2";
			};
			name = Debug;
		};
		E1103018261C65BD009897D1 /* Release */ = {
			isa = XCBuildConfiguration;
			buildSettings = {
				ASSETCATALOG_COMPILER_APPICON_NAME = AppIcon;
				ASSETCATALOG_COMPILER_GLOBAL_ACCENT_COLOR_NAME = AccentColor;
				CODE_SIGN_STYLE = Automatic;
				DEVELOPMENT_ASSET_PATHS = "\"helloios/Preview Content\"";
				DEVELOPMENT_TEAM = 565Q7TJU37;
				ENABLE_PREVIEWS = YES;
				INFOPLIST_FILE = helloios/Info.plist;
				IPHONEOS_DEPLOYMENT_TARGET = 14.0;
				LD_RUNPATH_SEARCH_PATHS = (
					"$(inherited)",
					"@executable_path/Frameworks",
				);
				PRODUCT_BUNDLE_IDENTIFIER = INFO499.helloios;
				PRODUCT_NAME = "$(TARGET_NAME)";
				SWIFT_VERSION = 5.0;
				TARGETED_DEVICE_FAMILY = "1,2";
			};
			name = Release;
		};
		E110301A261C65BD009897D1 /* Debug */ = {
			isa = XCBuildConfiguration;
			buildSettings = {
				ALWAYS_EMBED_SWIFT_STANDARD_LIBRARIES = YES;
				BUNDLE_LOADER = "$(TEST_HOST)";
				CODE_SIGN_STYLE = Automatic;
				INFOPLIST_FILE = helloiosTests/Info.plist;
				IPHONEOS_DEPLOYMENT_TARGET = 14.0;
				LD_RUNPATH_SEARCH_PATHS = (
					"$(inherited)",
					"@executable_path/Frameworks",
					"@loader_path/Frameworks",
				);
				PRODUCT_BUNDLE_IDENTIFIER = INFO499.helloiosTests;
				PRODUCT_NAME = "$(TARGET_NAME)";
				SWIFT_VERSION = 5.0;
				TARGETED_DEVICE_FAMILY = "1,2";
				TEST_HOST = "$(BUILT_PRODUCTS_DIR)/helloios.app/helloios";
			};
			name = Debug;
		};
		E110301B261C65BD009897D1 /* Release */ = {
			isa = XCBuildConfiguration;
			buildSettings = {
				ALWAYS_EMBED_SWIFT_STANDARD_LIBRARIES = YES;
				BUNDLE_LOADER = "$(TEST_HOST)";
				CODE_SIGN_STYLE = Automatic;
				INFOPLIST_FILE = helloiosTests/Info.plist;
				IPHONEOS_DEPLOYMENT_TARGET = 14.0;
				LD_RUNPATH_SEARCH_PATHS = (
					"$(inherited)",
					"@executable_path/Frameworks",
					"@loader_path/Frameworks",
				);
				PRODUCT_BUNDLE_IDENTIFIER = INFO499.helloiosTests;
				PRODUCT_NAME = "$(TARGET_NAME)";
				SWIFT_VERSION = 5.0;
				TARGETED_DEVICE_FAMILY = "1,2";
				TEST_HOST = "$(BUILT_PRODUCTS_DIR)/helloios.app/helloios";
			};
			name = Release;
		};
		E110301D261C65BD009897D1 /* Debug */ = {
			isa = XCBuildConfiguration;
			buildSettings = {
				ALWAYS_EMBED_SWIFT_STANDARD_LIBRARIES = YES;
				CODE_SIGN_STYLE = Automatic;
				INFOPLIST_FILE = helloiosUITests/Info.plist;
				LD_RUNPATH_SEARCH_PATHS = (
					"$(inherited)",
					"@executable_path/Frameworks",
					"@loader_path/Frameworks",
				);
				PRODUCT_BUNDLE_IDENTIFIER = INFO499.helloiosUITests;
				PRODUCT_NAME = "$(TARGET_NAME)";
				SWIFT_VERSION = 5.0;
				TARGETED_DEVICE_FAMILY = "1,2";
				TEST_TARGET_NAME = helloios;
			};
			name = Debug;
		};
		E110301E261C65BD009897D1 /* Release */ = {
			isa = XCBuildConfiguration;
			buildSettings = {
				ALWAYS_EMBED_SWIFT_STANDARD_LIBRARIES = YES;
				CODE_SIGN_STYLE = Automatic;
				INFOPLIST_FILE = helloiosUITests/Info.plist;
				LD_RUNPATH_SEARCH_PATHS = (
					"$(inherited)",
					"@executable_path/Frameworks",
					"@loader_path/Frameworks",
				);
				PRODUCT_BUNDLE_IDENTIFIER = INFO499.helloiosUITests;
				PRODUCT_NAME = "$(TARGET_NAME)";
				SWIFT_VERSION = 5.0;
				TARGETED_DEVICE_FAMILY = "1,2";
				TEST_TARGET_NAME = helloios;
			};
			name = Release;
		};
/* End XCBuildConfiguration section */

/* Begin XCConfigurationList section */
		E1102FEC261C65BC009897D1 /* Build configuration list for PBXProject "helloios" */ = {
			isa = XCConfigurationList;
			buildConfigurations = (
				E1103014261C65BD009897D1 /* Debug */,
				E1103015261C65BD009897D1 /* Release */,
			);
			defaultConfigurationIsVisible = 0;
			defaultConfigurationName = Release;
		};
		E1103016261C65BD009897D1 /* Build configuration list for PBXNativeTarget "helloios" */ = {
			isa = XCConfigurationList;
			buildConfigurations = (
				E1103017261C65BD009897D1 /* Debug */,
				E1103018261C65BD009897D1 /* Release */,
			);
			defaultConfigurationIsVisible = 0;
			defaultConfigurationName = Release;
		};
		E1103019261C65BD009897D1 /* Build configuration list for PBXNativeTarget "helloiosTests" */ = {
			isa = XCConfigurationList;
			buildConfigurations = (
				E110301A261C65BD009897D1 /* Debug */,
				E110301B261C65BD009897D1 /* Release */,
			);
			defaultConfigurationIsVisible = 0;
			defaultConfigurationName = Release;
		};
		E110301C261C65BD009897D1 /* Build configuration list for PBXNativeTarget "helloiosUITests" */ = {
			isa = XCConfigurationList;
			buildConfigurations = (
				E110301D261C65BD009897D1 /* Debug */,
				E110301E261C65BD009897D1 /* Release */,
			);
			defaultConfigurationIsVisible = 0;
			defaultConfigurationName = Release;
		};
/* End XCConfigurationList section */
	};
	rootObject = E1102FE9261C65BB009897D1 /* Project object */;
}
